
Microsoft Visual Studio Solution File, Format Version 12.00
# Visual Studio 15
Project("{FAE04EC0-301F-11D3-BF4B-00C04F79EFBC}") = "testapp", "testapp\testapp.csproj", "{7E2D0F61-1371-4C8B-A423-BF0E8A71DF44}"
EndProject
Project("{E53339B2-1760-4266-BCC7-CA923CBCF16C}") = "docker-compose", "docker-compose.dcproj", "{088D9A40-4DFD-49DF-95D9-DBFDED9178B7}"
EndProject
Global
	GlobalSection(SolutionConfigurationPlatforms) = preSolution
		Debug|Any CPU = Debug|Any CPU
		Release|Any CPU = Release|Any CPU
	EndGlobalSection
	GlobalSection(ProjectConfigurationPlatforms) = postSolution
		{7E2D0F61-1371-4C8B-A423-BF0E8A71DF44}.Debug|Any CPU.ActiveCfg = Debug|Any CPU
		{7E2D0F61-1371-4C8B-A423-BF0E8A71DF44}.Debug|Any CPU.Build.0 = Debug|Any CPU
		{7E2D0F61-1371-4C8B-A423-BF0E8A71DF44}.Release|Any CPU.ActiveCfg = Release|Any CPU
		{7E2D0F61-1371-4C8B-A423-BF0E8A71DF44}.Release|Any CPU.Build.0 = Release|Any CPU
		{088D9A40-4DFD-49DF-95D9-DBFDED9178B7}.Debug|Any CPU.ActiveCfg = Debug|Any CPU
		{088D9A40-4DFD-49DF-95D9-DBFDED9178B7}.Debug|Any CPU.Build.0 = Debug|Any CPU
		{088D9A40-4DFD-49DF-95D9-DBFDED9178B7}.Release|Any CPU.ActiveCfg = Release|Any CPU
		{088D9A40-4DFD-49DF-95D9-DBFDED9178B7}.Release|Any CPU.Build.0 = Release|Any CPU
	EndGlobalSection
EndGlobal
